
Microsoft Visual Studio Solution File, Format Version 12.00
# Visual Studio Version 16
VisualStudioVersion = 16.0.32228.343
MinimumVisualStudioVersion = 10.0.40219.1
Project("{FAE04EC0-301F-11D3-BF4B-00C04F79EFBC}") = "ovi", "ovi.csproj", "{685F002E-28EF-45AE-BB9E-3A544A79C4BC}"
EndProject
Global
	GlobalSection(SolutionConfigurationPlatforms) = preSolution
		Debug|Any CPU = Debug|Any CPU
		Release|Any CPU = Release|Any CPU
	EndGlobalSection
	GlobalSection(ProjectConfigurationPlatforms) = postSolution
		{685F002E-28EF-45AE-BB9E-3A544A79C4BC}.Debug|Any CPU.ActiveCfg = Debug|Any CPU
		{685F002E-28EF-45AE-BB9E-3A544A79C4BC}.Debug|Any CPU.Build.0 = Debug|Any CPU
		{685F002E-28EF-45AE-BB9E-3A544A79C4BC}.Release|Any CPU.ActiveCfg = Release|Any CPU
		{685F002E-28EF-45AE-BB9E-3A544A79C4BC}.Release|Any CPU.Build.0 = Release|Any CPU
	EndGlobalSection
	GlobalSection(SolutionProperties) = preSolution
		HideSolutionNode = FALSE
	EndGlobalSection
	GlobalSection(ExtensibilityGlobals) = postSolution
		SolutionGuid = {E9065BFB-0B0A-4603-B806-7D50818FAE86}
	EndGlobalSection
EndGlobal
